// !$*UTF8*$!
{
	archiveVersion = 1;
	classes = {
	};
	objectVersion = 56;
	objects = {

/* Begin PBXBuildFile section */
		D4731F0D2A416910001FE988 /* WhiteSpaceTests.swift in Sources */ = {isa = PBXBuildFile; fileRef = D4731F0C2A416910001FE988 /* WhiteSpaceTests.swift */; };
		D4731F1A2A4175F8001FE988 /* WhiteSpaceUITests.swift in Sources */ = {isa = PBXBuildFile; fileRef = D4731F192A4175F8001FE988 /* WhiteSpaceUITests.swift */; };
		D47E8B5C28DA5505003C558A /* InfoPlist.strings in Resources */ = {isa = PBXBuildFile; fileRef = D47E8B5A28DA5505003C558A /* InfoPlist.strings */; };
		D47E8B5F28DA5505003C558A /* Localizable.strings in Resources */ = {isa = PBXBuildFile; fileRef = D47E8B5D28DA5505003C558A /* Localizable.strings */; };
		D47E8B6228DA5505003C558A /* Localizable.strings in Resources */ = {isa = PBXBuildFile; fileRef = D47E8B6028DA5505003C558A /* Localizable.strings */; };
		D47E8B6528DA5505003C558A /* WhiteSpace-InfoPlist.strings in Resources */ = {isa = PBXBuildFile; fileRef = D47E8B6328DA5505003C558A /* WhiteSpace-InfoPlist.strings */; };
		D487C3D828D32F6A00615A75 /* WhiteSpaceApp.swift in Sources */ = {isa = PBXBuildFile; fileRef = D487C3D728D32F6A00615A75 /* WhiteSpaceApp.swift */; };
		D487C3DA28D32F6A00615A75 /* AppMainView.swift in Sources */ = {isa = PBXBuildFile; fileRef = D487C3D928D32F6A00615A75 /* AppMainView.swift */; };
		D487C3DC28D32F6A00615A75 /* Assets.xcassets in Resources */ = {isa = PBXBuildFile; fileRef = D487C3DB28D32F6A00615A75 /* Assets.xcassets */; };
		D487C3DF28D32F6A00615A75 /* Preview Assets.xcassets in Resources */ = {isa = PBXBuildFile; fileRef = D487C3DE28D32F6A00615A75 /* Preview Assets.xcassets */; };
		D487C3E628D3305600615A75 /* ConversionRule.swift in Sources */ = {isa = PBXBuildFile; fileRef = D487C3E528D3305600615A75 /* ConversionRule.swift */; };
		D4E01EF928D6D4AE007B035A /* ConversionRuleStorage.swift in Sources */ = {isa = PBXBuildFile; fileRef = D4E01EF828D6D4AE007B035A /* ConversionRuleStorage.swift */; };
		D4E01EFD28D6DE2D007B035A /* RuleDetailView.swift in Sources */ = {isa = PBXBuildFile; fileRef = D4E01EFC28D6DE2D007B035A /* RuleDetailView.swift */; };
		D4E01F2028D7D746007B035A /* ConversionRuleEvaluation.swift in Sources */ = {isa = PBXBuildFile; fileRef = D4E01F1F28D7D746007B035A /* ConversionRuleEvaluation.swift */; };
		D4EDF6E728D828BA00B66245 /* KeyboardViewController.swift in Sources */ = {isa = PBXBuildFile; fileRef = D4EDF6E628D828BA00B66245 /* KeyboardViewController.swift */; };
		D4EDF6EB28D828BA00B66245 /* Keyboard.appex in Embed Foundation Extensions */ = {isa = PBXBuildFile; fileRef = D4EDF6E428D828BA00B66245 /* Keyboard.appex */; settings = {ATTRIBUTES = (RemoveHeadersOnCopy, ); }; };
		D4EDF6F128D8300500B66245 /* KeyboardView.swift in Sources */ = {isa = PBXBuildFile; fileRef = D4EDF6F028D8300500B66245 /* KeyboardView.swift */; };
		D4EDF6F628D83ADF00B66245 /* ConversionRuleEvaluation.swift in Sources */ = {isa = PBXBuildFile; fileRef = D4E01F1F28D7D746007B035A /* ConversionRuleEvaluation.swift */; };
		D4EDF6F728D83AE200B66245 /* ConversionRuleStorage.swift in Sources */ = {isa = PBXBuildFile; fileRef = D4E01EF828D6D4AE007B035A /* ConversionRuleStorage.swift */; };
		D4EDF6F828D83BDA00B66245 /* ConversionRule.swift in Sources */ = {isa = PBXBuildFile; fileRef = D487C3E528D3305600615A75 /* ConversionRule.swift */; };
/* End PBXBuildFile section */

/* Begin PBXContainerItemProxy section */
		D4731F0E2A416910001FE988 /* PBXContainerItemProxy */ = {
			isa = PBXContainerItemProxy;
			containerPortal = D487C3CC28D32F6A00615A75 /* Project object */;
			proxyType = 1;
			remoteGlobalIDString = D487C3D328D32F6A00615A75;
			remoteInfo = WhiteSpace;
		};
		D4731F1D2A4175F8001FE988 /* PBXContainerItemProxy */ = {
			isa = PBXContainerItemProxy;
			containerPortal = D487C3CC28D32F6A00615A75 /* Project object */;
			proxyType = 1;
			remoteGlobalIDString = D487C3D328D32F6A00615A75;
			remoteInfo = WhiteSpace;
		};
		D4EDF6E928D828BA00B66245 /* PBXContainerItemProxy */ = {
			isa = PBXContainerItemProxy;
			containerPortal = D487C3CC28D32F6A00615A75 /* Project object */;
			proxyType = 1;
			remoteGlobalIDString = D4EDF6E328D828BA00B66245;
			remoteInfo = Keyboard;
		};
/* End PBXContainerItemProxy section */

/* Begin PBXCopyFilesBuildPhase section */
		D4EDF6EC28D828BA00B66245 /* Embed Foundation Extensions */ = {
			isa = PBXCopyFilesBuildPhase;
			buildActionMask = 2147483647;
			dstPath = "";
			dstSubfolderSpec = 13;
			files = (
				D4EDF6EB28D828BA00B66245 /* Keyboard.appex in Embed Foundation Extensions */,
			);
			name = "Embed Foundation Extensions";
			runOnlyForDeploymentPostprocessing = 0;
		};
/* End PBXCopyFilesBuildPhase section */

/* Begin PBXFileReference section */
		D4731F0A2A416910001FE988 /* WhiteSpaceTests.xctest */ = {isa = PBXFileReference; explicitFileType = wrapper.cfbundle; includeInIndex = 0; path = WhiteSpaceTests.xctest; sourceTree = BUILT_PRODUCTS_DIR; };
		D4731F0C2A416910001FE988 /* WhiteSpaceTests.swift */ = {isa = PBXFileReference; lastKnownFileType = sourcecode.swift; path = WhiteSpaceTests.swift; sourceTree = "<group>"; };
		D4731F172A4175F8001FE988 /* WhiteSpaceUITests.xctest */ = {isa = PBXFileReference; explicitFileType = wrapper.cfbundle; includeInIndex = 0; path = WhiteSpaceUITests.xctest; sourceTree = BUILT_PRODUCTS_DIR; };
		D4731F192A4175F8001FE988 /* WhiteSpaceUITests.swift */ = {isa = PBXFileReference; lastKnownFileType = sourcecode.swift; path = WhiteSpaceUITests.swift; sourceTree = "<group>"; };
		D47E8B5B28DA5505003C558A /* zh-Hans */ = {isa = PBXFileReference; lastKnownFileType = text.plist.strings; name = "zh-Hans"; path = "zh-Hans.lproj/InfoPlist.strings"; sourceTree = "<group>"; };
		D47E8B5E28DA5505003C558A /* zh-Hans */ = {isa = PBXFileReference; lastKnownFileType = text.plist.strings; name = "zh-Hans"; path = "zh-Hans.lproj/Localizable.strings"; sourceTree = "<group>"; };
		D47E8B6128DA5505003C558A /* zh-Hans */ = {isa = PBXFileReference; lastKnownFileType = text.plist.strings; name = "zh-Hans"; path = "zh-Hans.lproj/Localizable.strings"; sourceTree = "<group>"; };
		D47E8B6428DA5505003C558A /* zh-Hans */ = {isa = PBXFileReference; lastKnownFileType = text.plist.strings; name = "zh-Hans"; path = "zh-Hans.lproj/WhiteSpace-InfoPlist.strings"; sourceTree = "<group>"; };
		D47E8B6628DA5726003C558A /* LICENSE */ = {isa = PBXFileReference; lastKnownFileType = text; path = LICENSE; sourceTree = "<group>"; };
		D47E8B6728DA5726003C558A /* README.md */ = {isa = PBXFileReference; lastKnownFileType = net.daringfireball.markdown; path = README.md; sourceTree = "<group>"; };
		D487C3D428D32F6A00615A75 /* WhiteSpace.app */ = {isa = PBXFileReference; explicitFileType = wrapper.application; includeInIndex = 0; path = WhiteSpace.app; sourceTree = BUILT_PRODUCTS_DIR; };
		D487C3D728D32F6A00615A75 /* WhiteSpaceApp.swift */ = {isa = PBXFileReference; lastKnownFileType = sourcecode.swift; path = WhiteSpaceApp.swift; sourceTree = "<group>"; };
		D487C3D928D32F6A00615A75 /* AppMainView.swift */ = {isa = PBXFileReference; lastKnownFileType = sourcecode.swift; path = AppMainView.swift; sourceTree = "<group>"; };
		D487C3DB28D32F6A00615A75 /* Assets.xcassets */ = {isa = PBXFileReference; lastKnownFileType = folder.assetcatalog; path = Assets.xcassets; sourceTree = "<group>"; };
		D487C3DE28D32F6A00615A75 /* Preview Assets.xcassets */ = {isa = PBXFileReference; lastKnownFileType = folder.assetcatalog; path = "Preview Assets.xcassets"; sourceTree = "<group>"; };
		D487C3E528D3305600615A75 /* ConversionRule.swift */ = {isa = PBXFileReference; lastKnownFileType = sourcecode.swift; path = ConversionRule.swift; sourceTree = "<group>"; };
		D4E01EF828D6D4AE007B035A /* ConversionRuleStorage.swift */ = {isa = PBXFileReference; lastKnownFileType = sourcecode.swift; path = ConversionRuleStorage.swift; sourceTree = "<group>"; };
		D4E01EFC28D6DE2D007B035A /* RuleDetailView.swift */ = {isa = PBXFileReference; lastKnownFileType = sourcecode.swift; path = RuleDetailView.swift; sourceTree = "<group>"; };
		D4E01F0328D72233007B035A /* JavaScriptCore.framework */ = {isa = PBXFileReference; lastKnownFileType = wrapper.framework; name = JavaScriptCore.framework; path = System/Library/Frameworks/JavaScriptCore.framework; sourceTree = SDKROOT; };
		D4E01F1F28D7D746007B035A /* ConversionRuleEvaluation.swift */ = {isa = PBXFileReference; lastKnownFileType = sourcecode.swift; path = ConversionRuleEvaluation.swift; sourceTree = "<group>"; };
		D4EDF6E428D828BA00B66245 /* Keyboard.appex */ = {isa = PBXFileReference; explicitFileType = "wrapper.app-extension"; includeInIndex = 0; path = Keyboard.appex; sourceTree = BUILT_PRODUCTS_DIR; };
		D4EDF6E628D828BA00B66245 /* KeyboardViewController.swift */ = {isa = PBXFileReference; lastKnownFileType = sourcecode.swift; path = KeyboardViewController.swift; sourceTree = "<group>"; };
		D4EDF6E828D828BA00B66245 /* Info.plist */ = {isa = PBXFileReference; lastKnownFileType = text.plist.xml; path = Info.plist; sourceTree = "<group>"; };
		D4EDF6F028D8300500B66245 /* KeyboardView.swift */ = {isa = PBXFileReference; lastKnownFileType = sourcecode.swift; path = KeyboardView.swift; sourceTree = "<group>"; };
		D4EDF6F928D83C4400B66245 /* Keyboard.entitlements */ = {isa = PBXFileReference; lastKnownFileType = text.plist.entitlements; path = Keyboard.entitlements; sourceTree = "<group>"; };
		D4EDF6FA28D83C6400B66245 /* WhiteSpace.entitlements */ = {isa = PBXFileReference; lastKnownFileType = text.plist.entitlements; path = WhiteSpace.entitlements; sourceTree = "<group>"; };
/* End PBXFileReference section */

/* Begin PBXFrameworksBuildPhase section */
		D4731F072A416910001FE988 /* Frameworks */ = {
			isa = PBXFrameworksBuildPhase;
			buildActionMask = 2147483647;
			files = (
			);
			runOnlyForDeploymentPostprocessing = 0;
		};
		D4731F142A4175F8001FE988 /* Frameworks */ = {
			isa = PBXFrameworksBuildPhase;
			buildActionMask = 2147483647;
			files = (
			);
			runOnlyForDeploymentPostprocessing = 0;
		};
		D487C3D128D32F6A00615A75 /* Frameworks */ = {
			isa = PBXFrameworksBuildPhase;
			buildActionMask = 2147483647;
			files = (
			);
			runOnlyForDeploymentPostprocessing = 0;
		};
		D4EDF6E128D828BA00B66245 /* Frameworks */ = {
			isa = PBXFrameworksBuildPhase;
			buildActionMask = 2147483647;
			files = (
			);
			runOnlyForDeploymentPostprocessing = 0;
		};
/* End PBXFrameworksBuildPhase section */

/* Begin PBXGroup section */
		D4731F0B2A416910001FE988 /* WhiteSpaceTests */ = {
			isa = PBXGroup;
			children = (
				D4731F0C2A416910001FE988 /* WhiteSpaceTests.swift */,
			);
			path = WhiteSpaceTests;
			sourceTree = "<group>";
		};
		D4731F182A4175F8001FE988 /* WhiteSpaceUITests */ = {
			isa = PBXGroup;
			children = (
				D4731F192A4175F8001FE988 /* WhiteSpaceUITests.swift */,
			);
			path = WhiteSpaceUITests;
			sourceTree = "<group>";
		};
		D487C3CB28D32F6A00615A75 = {
			isa = PBXGroup;
			children = (
				D47E8B6328DA5505003C558A /* WhiteSpace-InfoPlist.strings */,
				D4E01F1F28D7D746007B035A /* ConversionRuleEvaluation.swift */,
				D4E01EF828D6D4AE007B035A /* ConversionRuleStorage.swift */,
				D487C3E528D3305600615A75 /* ConversionRule.swift */,
				D47E8B6628DA5726003C558A /* LICENSE */,
				D47E8B6728DA5726003C558A /* README.md */,
				D487C3D628D32F6A00615A75 /* WhiteSpace */,
				D4EDF6E528D828BA00B66245 /* Keyboard */,
				D4731F0B2A416910001FE988 /* WhiteSpaceTests */,
				D4731F182A4175F8001FE988 /* WhiteSpaceUITests */,
				D487C3D528D32F6A00615A75 /* Products */,
				D4E01F0228D72232007B035A /* Frameworks */,
			);
			sourceTree = "<group>";
		};
		D487C3D528D32F6A00615A75 /* Products */ = {
			isa = PBXGroup;
			children = (
				D487C3D428D32F6A00615A75 /* WhiteSpace.app */,
				D4EDF6E428D828BA00B66245 /* Keyboard.appex */,
				D4731F0A2A416910001FE988 /* WhiteSpaceTests.xctest */,
				D4731F172A4175F8001FE988 /* WhiteSpaceUITests.xctest */,
			);
			name = Products;
			sourceTree = "<group>";
		};
		D487C3D628D32F6A00615A75 /* WhiteSpace */ = {
			isa = PBXGroup;
			children = (
				D47E8B6028DA5505003C558A /* Localizable.strings */,
				D4EDF6FA28D83C6400B66245 /* WhiteSpace.entitlements */,
				D487C3D728D32F6A00615A75 /* WhiteSpaceApp.swift */,
				D487C3D928D32F6A00615A75 /* AppMainView.swift */,
				D4E01EFC28D6DE2D007B035A /* RuleDetailView.swift */,
				D487C3DB28D32F6A00615A75 /* Assets.xcassets */,
				D487C3DD28D32F6A00615A75 /* Preview Content */,
			);
			path = WhiteSpace;
			sourceTree = "<group>";
		};
		D487C3DD28D32F6A00615A75 /* Preview Content */ = {
			isa = PBXGroup;
			children = (
				D487C3DE28D32F6A00615A75 /* Preview Assets.xcassets */,
			);
			path = "Preview Content";
			sourceTree = "<group>";
		};
		D4E01F0228D72232007B035A /* Frameworks */ = {
			isa = PBXGroup;
			children = (
				D4E01F0328D72233007B035A /* JavaScriptCore.framework */,
			);
			name = Frameworks;
			sourceTree = "<group>";
		};
		D4EDF6E528D828BA00B66245 /* Keyboard */ = {
			isa = PBXGroup;
			children = (
				D4EDF6F928D83C4400B66245 /* Keyboard.entitlements */,
				D4EDF6E628D828BA00B66245 /* KeyboardViewController.swift */,
				D4EDF6F028D8300500B66245 /* KeyboardView.swift */,
				D4EDF6E828D828BA00B66245 /* Info.plist */,
				D47E8B5D28DA5505003C558A /* Localizable.strings */,
				D47E8B5A28DA5505003C558A /* InfoPlist.strings */,
			);
			path = Keyboard;
			sourceTree = "<group>";
		};
/* End PBXGroup section */

/* Begin PBXNativeTarget section */
		D4731F092A416910001FE988 /* WhiteSpaceTests */ = {
			isa = PBXNativeTarget;
			buildConfigurationList = D4731F122A416910001FE988 /* Build configuration list for PBXNativeTarget "WhiteSpaceTests" */;
			buildPhases = (
				D4731F062A416910001FE988 /* Sources */,
				D4731F072A416910001FE988 /* Frameworks */,
				D4731F082A416910001FE988 /* Resources */,
			);
			buildRules = (
			);
			dependencies = (
				D4731F0F2A416910001FE988 /* PBXTargetDependency */,
			);
			name = WhiteSpaceTests;
			productName = WhiteSpaceTests;
			productReference = D4731F0A2A416910001FE988 /* WhiteSpaceTests.xctest */;
			productType = "com.apple.product-type.bundle.unit-test";
		};
		D4731F162A4175F8001FE988 /* WhiteSpaceUITests */ = {
			isa = PBXNativeTarget;
			buildConfigurationList = D4731F1F2A4175F8001FE988 /* Build configuration list for PBXNativeTarget "WhiteSpaceUITests" */;
			buildPhases = (
				D4731F132A4175F8001FE988 /* Sources */,
				D4731F142A4175F8001FE988 /* Frameworks */,
				D4731F152A4175F8001FE988 /* Resources */,
			);
			buildRules = (
			);
			dependencies = (
				D4731F1E2A4175F8001FE988 /* PBXTargetDependency */,
			);
			name = WhiteSpaceUITests;
			productName = WhiteSpaceUITests;
			productReference = D4731F172A4175F8001FE988 /* WhiteSpaceUITests.xctest */;
			productType = "com.apple.product-type.bundle.ui-testing";
		};
		D487C3D328D32F6A00615A75 /* WhiteSpace */ = {
			isa = PBXNativeTarget;
			buildConfigurationList = D487C3E228D32F6A00615A75 /* Build configuration list for PBXNativeTarget "WhiteSpace" */;
			buildPhases = (
				D487C3D028D32F6A00615A75 /* Sources */,
				D487C3D128D32F6A00615A75 /* Frameworks */,
				D487C3D228D32F6A00615A75 /* Resources */,
				D4EDF6EC28D828BA00B66245 /* Embed Foundation Extensions */,
			);
			buildRules = (
			);
			dependencies = (
				D4EDF6EA28D828BA00B66245 /* PBXTargetDependency */,
			);
			name = WhiteSpace;
			productName = WhiteSpace;
			productReference = D487C3D428D32F6A00615A75 /* WhiteSpace.app */;
			productType = "com.apple.product-type.application";
		};
		D4EDF6E328D828BA00B66245 /* Keyboard */ = {
			isa = PBXNativeTarget;
			buildConfigurationList = D4EDF6EF28D828BA00B66245 /* Build configuration list for PBXNativeTarget "Keyboard" */;
			buildPhases = (
				D4EDF6E028D828BA00B66245 /* Sources */,
				D4EDF6E128D828BA00B66245 /* Frameworks */,
				D4EDF6E228D828BA00B66245 /* Resources */,
			);
			buildRules = (
			);
			dependencies = (
			);
			name = Keyboard;
			productName = Keyboard;
			productReference = D4EDF6E428D828BA00B66245 /* Keyboard.appex */;
			productType = "com.apple.product-type.app-extension";
		};
/* End PBXNativeTarget section */

/* Begin PBXProject section */
		D487C3CC28D32F6A00615A75 /* Project object */ = {
			isa = PBXProject;
			attributes = {
				BuildIndependentTargetsInParallel = 1;
				LastSwiftUpdateCheck = 1430;
				LastUpgradeCheck = 1400;
				TargetAttributes = {
					D4731F092A416910001FE988 = {
						CreatedOnToolsVersion = 14.3.1;
						TestTargetID = D487C3D328D32F6A00615A75;
					};
					D4731F162A4175F8001FE988 = {
						CreatedOnToolsVersion = 14.3.1;
						TestTargetID = D487C3D328D32F6A00615A75;
					};
					D487C3D328D32F6A00615A75 = {
						CreatedOnToolsVersion = 14.0;
					};
					D4EDF6E328D828BA00B66245 = {
						CreatedOnToolsVersion = 14.0;
					};
				};
			};
			buildConfigurationList = D487C3CF28D32F6A00615A75 /* Build configuration list for PBXProject "WhiteSpace" */;
			compatibilityVersion = "Xcode 14.0";
			developmentRegion = en;
			hasScannedForEncodings = 0;
			knownRegions = (
				en,
				Base,
				"zh-Hans",
			);
			mainGroup = D487C3CB28D32F6A00615A75;
			productRefGroup = D487C3D528D32F6A00615A75 /* Products */;
			projectDirPath = "";
			projectRoot = "";
			targets = (
				D487C3D328D32F6A00615A75 /* WhiteSpace */,
				D4EDF6E328D828BA00B66245 /* Keyboard */,
				D4731F092A416910001FE988 /* WhiteSpaceTests */,
				D4731F162A4175F8001FE988 /* WhiteSpaceUITests */,
			);
		};
/* End PBXProject section */

/* Begin PBXResourcesBuildPhase section */
		D4731F082A416910001FE988 /* Resources */ = {
			isa = PBXResourcesBuildPhase;
			buildActionMask = 2147483647;
			files = (
			);
			runOnlyForDeploymentPostprocessing = 0;
		};
		D4731F152A4175F8001FE988 /* Resources */ = {
			isa = PBXResourcesBuildPhase;
			buildActionMask = 2147483647;
			files = (
			);
			runOnlyForDeploymentPostprocessing = 0;
		};
		D487C3D228D32F6A00615A75 /* Resources */ = {
			isa = PBXResourcesBuildPhase;
			buildActionMask = 2147483647;
			files = (
				D487C3DF28D32F6A00615A75 /* Preview Assets.xcassets in Resources */,
				D47E8B6228DA5505003C558A /* Localizable.strings in Resources */,
				D47E8B6528DA5505003C558A /* WhiteSpace-InfoPlist.strings in Resources */,
				D487C3DC28D32F6A00615A75 /* Assets.xcassets in Resources */,
			);
			runOnlyForDeploymentPostprocessing = 0;
		};
		D4EDF6E228D828BA00B66245 /* Resources */ = {
			isa = PBXResourcesBuildPhase;
			buildActionMask = 2147483647;
			files = (
				D47E8B5C28DA5505003C558A /* InfoPlist.strings in Resources */,
				D47E8B5F28DA5505003C558A /* Localizable.strings in Resources */,
			);
			runOnlyForDeploymentPostprocessing = 0;
		};
/* End PBXResourcesBuildPhase section */

/* Begin PBXSourcesBuildPhase section */
		D4731F062A416910001FE988 /* Sources */ = {
			isa = PBXSourcesBuildPhase;
			buildActionMask = 2147483647;
			files = (
				D4731F0D2A416910001FE988 /* WhiteSpaceTests.swift in Sources */,
			);
			runOnlyForDeploymentPostprocessing = 0;
		};
		D4731F132A4175F8001FE988 /* Sources */ = {
			isa = PBXSourcesBuildPhase;
			buildActionMask = 2147483647;
			files = (
				D4731F1A2A4175F8001FE988 /* WhiteSpaceUITests.swift in Sources */,
			);
			runOnlyForDeploymentPostprocessing = 0;
		};
		D487C3D028D32F6A00615A75 /* Sources */ = {
			isa = PBXSourcesBuildPhase;
			buildActionMask = 2147483647;
			files = (
				D4E01EFD28D6DE2D007B035A /* RuleDetailView.swift in Sources */,
				D487C3E628D3305600615A75 /* ConversionRule.swift in Sources */,
				D4E01EF928D6D4AE007B035A /* ConversionRuleStorage.swift in Sources */,
				D4E01F2028D7D746007B035A /* ConversionRuleEvaluation.swift in Sources */,
				D487C3DA28D32F6A00615A75 /* AppMainView.swift in Sources */,
				D487C3D828D32F6A00615A75 /* WhiteSpaceApp.swift in Sources */,
			);
			runOnlyForDeploymentPostprocessing = 0;
		};
		D4EDF6E028D828BA00B66245 /* Sources */ = {
			isa = PBXSourcesBuildPhase;
			buildActionMask = 2147483647;
			files = (
				D4EDF6F628D83ADF00B66245 /* ConversionRuleEvaluation.swift in Sources */,
				D4EDF6F828D83BDA00B66245 /* ConversionRule.swift in Sources */,
				D4EDF6F728D83AE200B66245 /* ConversionRuleStorage.swift in Sources */,
				D4EDF6E728D828BA00B66245 /* KeyboardViewController.swift in Sources */,
				D4EDF6F128D8300500B66245 /* KeyboardView.swift in Sources */,
			);
			runOnlyForDeploymentPostprocessing = 0;
		};
/* End PBXSourcesBuildPhase section */

/* Begin PBXTargetDependency section */
		D4731F0F2A416910001FE988 /* PBXTargetDependency */ = {
			isa = PBXTargetDependency;
			target = D487C3D328D32F6A00615A75 /* WhiteSpace */;
			targetProxy = D4731F0E2A416910001FE988 /* PBXContainerItemProxy */;
		};
		D4731F1E2A4175F8001FE988 /* PBXTargetDependency */ = {
			isa = PBXTargetDependency;
			target = D487C3D328D32F6A00615A75 /* WhiteSpace */;
			targetProxy = D4731F1D2A4175F8001FE988 /* PBXContainerItemProxy */;
		};
		D4EDF6EA28D828BA00B66245 /* PBXTargetDependency */ = {
			isa = PBXTargetDependency;
			target = D4EDF6E328D828BA00B66245 /* Keyboard */;
			targetProxy = D4EDF6E928D828BA00B66245 /* PBXContainerItemProxy */;
		};
/* End PBXTargetDependency section */

/* Begin PBXVariantGroup section */
		D47E8B5A28DA5505003C558A /* InfoPlist.strings */ = {
			isa = PBXVariantGroup;
			children = (
				D47E8B5B28DA5505003C558A /* zh-Hans */,
			);
			name = InfoPlist.strings;
			sourceTree = "<group>";
		};
		D47E8B5D28DA5505003C558A /* Localizable.strings */ = {
			isa = PBXVariantGroup;
			children = (
				D47E8B5E28DA5505003C558A /* zh-Hans */,
			);
			name = Localizable.strings;
			sourceTree = "<group>";
		};
		D47E8B6028DA5505003C558A /* Localizable.strings */ = {
			isa = PBXVariantGroup;
			children = (
				D47E8B6128DA5505003C558A /* zh-Hans */,
			);
			name = Localizable.strings;
			sourceTree = "<group>";
		};
		D47E8B6328DA5505003C558A /* WhiteSpace-InfoPlist.strings */ = {
			isa = PBXVariantGroup;
			children = (
				D47E8B6428DA5505003C558A /* zh-Hans */,
			);
			name = "WhiteSpace-InfoPlist.strings";
			path = WhiteSpace;
			sourceTree = "<group>";
		};
/* End PBXVariantGroup section */

/* Begin XCBuildConfiguration section */
		D4731F102A416910001FE988 /* Debug */ = {
			isa = XCBuildConfiguration;
			buildSettings = {
				BUNDLE_LOADER = "$(TEST_HOST)";
				CODE_SIGN_STYLE = Automatic;
				CURRENT_PROJECT_VERSION = 1;
				DEVELOPMENT_TEAM = GG62JAD8S2;
				GENERATE_INFOPLIST_FILE = YES;
				IPHONEOS_DEPLOYMENT_TARGET = 16.4;
				MARKETING_VERSION = 1.0;
				PRODUCT_BUNDLE_IDENTIFIER = tongjiew.WhiteSpaceTests;
				PRODUCT_NAME = "$(TARGET_NAME)";
				SWIFT_EMIT_LOC_STRINGS = NO;
				SWIFT_VERSION = 5.0;
				TARGETED_DEVICE_FAMILY = "1,2";
				TEST_HOST = "$(BUILT_PRODUCTS_DIR)/WhiteSpace.app/$(BUNDLE_EXECUTABLE_FOLDER_PATH)/WhiteSpace";
			};
			name = Debug;
		};
		D4731F112A416910001FE988 /* Release */ = {
			isa = XCBuildConfiguration;
			buildSettings = {
				BUNDLE_LOADER = "$(TEST_HOST)";
				CODE_SIGN_STYLE = Automatic;
				CURRENT_PROJECT_VERSION = 1;
				DEVELOPMENT_TEAM = GG62JAD8S2;
				GENERATE_INFOPLIST_FILE = YES;
				IPHONEOS_DEPLOYMENT_TARGET = 16.4;
				MARKETING_VERSION = 1.0;
				PRODUCT_BUNDLE_IDENTIFIER = tongjiew.WhiteSpaceTests;
				PRODUCT_NAME = "$(TARGET_NAME)";
				SWIFT_EMIT_LOC_STRINGS = NO;
				SWIFT_VERSION = 5.0;
				TARGETED_DEVICE_FAMILY = "1,2";
				TEST_HOST = "$(BUILT_PRODUCTS_DIR)/WhiteSpace.app/$(BUNDLE_EXECUTABLE_FOLDER_PATH)/WhiteSpace";
			};
			name = Release;
		};
		D4731F202A4175F8001FE988 /* Debug */ = {
			isa = XCBuildConfiguration;
			buildSettings = {
				CODE_SIGN_STYLE = Automatic;
				CURRENT_PROJECT_VERSION = 1;
				DEVELOPMENT_TEAM = GG62JAD8S2;
				GENERATE_INFOPLIST_FILE = YES;
				IPHONEOS_DEPLOYMENT_TARGET = 16.4;
				MARKETING_VERSION = 1.0;
				PRODUCT_BUNDLE_IDENTIFIER = tongjiew.WhiteSpaceUITests;
				PRODUCT_NAME = "$(TARGET_NAME)";
				SWIFT_EMIT_LOC_STRINGS = NO;
				SWIFT_VERSION = 5.0;
				TARGETED_DEVICE_FAMILY = "1,2";
				TEST_TARGET_NAME = WhiteSpace;
			};
			name = Debug;
		};
		D4731F212A4175F8001FE988 /* Release */ = {
			isa = XCBuildConfiguration;
			buildSettings = {
				CODE_SIGN_STYLE = Automatic;
				CURRENT_PROJECT_VERSION = 1;
				DEVELOPMENT_TEAM = GG62JAD8S2;
				GENERATE_INFOPLIST_FILE = YES;
				IPHONEOS_DEPLOYMENT_TARGET = 16.4;
				MARKETING_VERSION = 1.0;
				PRODUCT_BUNDLE_IDENTIFIER = tongjiew.WhiteSpaceUITests;
				PRODUCT_NAME = "$(TARGET_NAME)";
				SWIFT_EMIT_LOC_STRINGS = NO;
				SWIFT_VERSION = 5.0;
				TARGETED_DEVICE_FAMILY = "1,2";
				TEST_TARGET_NAME = WhiteSpace;
			};
			name = Release;
		};
		D487C3E028D32F6A00615A75 /* Debug */ = {
			isa = XCBuildConfiguration;
			buildSettings = {
				ALWAYS_SEARCH_USER_PATHS = NO;
				CLANG_ANALYZER_NONNULL = YES;
				CLANG_ANALYZER_NUMBER_OBJECT_CONVERSION = YES_AGGRESSIVE;
				CLANG_CXX_LANGUAGE_STANDARD = "gnu++20";
				CLANG_ENABLE_MODULES = YES;
				CLANG_ENABLE_OBJC_ARC = YES;
				CLANG_ENABLE_OBJC_WEAK = YES;
				CLANG_WARN_BLOCK_CAPTURE_AUTORELEASING = YES;
				CLANG_WARN_BOOL_CONVERSION = YES;
				CLANG_WARN_COMMA = YES;
				CLANG_WARN_CONSTANT_CONVERSION = YES;
				CLANG_WARN_DEPRECATED_OBJC_IMPLEMENTATIONS = YES;
				CLANG_WARN_DIRECT_OBJC_ISA_USAGE = YES_ERROR;
				CLANG_WARN_DOCUMENTATION_COMMENTS = YES;
				CLANG_WARN_EMPTY_BODY = YES;
				CLANG_WARN_ENUM_CONVERSION = YES;
				CLANG_WARN_INFINITE_RECURSION = YES;
				CLANG_WARN_INT_CONVERSION = YES;
				CLANG_WARN_NON_LITERAL_NULL_CONVERSION = YES;
				CLANG_WARN_OBJC_IMPLICIT_RETAIN_SELF = YES;
				CLANG_WARN_OBJC_LITERAL_CONVERSION = YES;
				CLANG_WARN_OBJC_ROOT_CLASS = YES_ERROR;
				CLANG_WARN_QUOTED_INCLUDE_IN_FRAMEWORK_HEADER = YES;
				CLANG_WARN_RANGE_LOOP_ANALYSIS = YES;
				CLANG_WARN_STRICT_PROTOTYPES = YES;
				CLANG_WARN_SUSPICIOUS_MOVE = YES;
				CLANG_WARN_UNGUARDED_AVAILABILITY = YES_AGGRESSIVE;
				CLANG_WARN_UNREACHABLE_CODE = YES;
				CLANG_WARN__DUPLICATE_METHOD_MATCH = YES;
				COPY_PHASE_STRIP = NO;
				DEBUG_INFORMATION_FORMAT = dwarf;
				ENABLE_STRICT_OBJC_MSGSEND = YES;
				ENABLE_TESTABILITY = YES;
				GCC_C_LANGUAGE_STANDARD = gnu11;
				GCC_DYNAMIC_NO_PIC = NO;
				GCC_NO_COMMON_BLOCKS = YES;
				GCC_OPTIMIZATION_LEVEL = 0;
				GCC_PREPROCESSOR_DEFINITIONS = (
					"DEBUG=1",
					"$(inherited)",
				);
				GCC_WARN_64_TO_32_BIT_CONVERSION = YES;
				GCC_WARN_ABOUT_RETURN_TYPE = YES_ERROR;
				GCC_WARN_UNDECLARED_SELECTOR = YES;
				GCC_WARN_UNINITIALIZED_AUTOS = YES_AGGRESSIVE;
				GCC_WARN_UNUSED_FUNCTION = YES;
				GCC_WARN_UNUSED_VARIABLE = YES;
				IPHONEOS_DEPLOYMENT_TARGET = 16.0;
				MTL_ENABLE_DEBUG_INFO = INCLUDE_SOURCE;
				MTL_FAST_MATH = YES;
				ONLY_ACTIVE_ARCH = YES;
				SDKROOT = iphoneos;
				SWIFT_ACTIVE_COMPILATION_CONDITIONS = DEBUG;
				SWIFT_OPTIMIZATION_LEVEL = "-Onone";
			};
			name = Debug;
		};
		D487C3E128D32F6A00615A75 /* Release */ = {
			isa = XCBuildConfiguration;
			buildSettings = {
				ALWAYS_SEARCH_USER_PATHS = NO;
				CLANG_ANALYZER_NONNULL = YES;
				CLANG_ANALYZER_NUMBER_OBJECT_CONVERSION = YES_AGGRESSIVE;
				CLANG_CXX_LANGUAGE_STANDARD = "gnu++20";
				CLANG_ENABLE_MODULES = YES;
				CLANG_ENABLE_OBJC_ARC = YES;
				CLANG_ENABLE_OBJC_WEAK = YES;
				CLANG_WARN_BLOCK_CAPTURE_AUTORELEASING = YES;
				CLANG_WARN_BOOL_CONVERSION = YES;
				CLANG_WARN_COMMA = YES;
				CLANG_WARN_CONSTANT_CONVERSION = YES;
				CLANG_WARN_DEPRECATED_OBJC_IMPLEMENTATIONS = YES;
				CLANG_WARN_DIRECT_OBJC_ISA_USAGE = YES_ERROR;
				CLANG_WARN_DOCUMENTATION_COMMENTS = YES;
				CLANG_WARN_EMPTY_BODY = YES;
				CLANG_WARN_ENUM_CONVERSION = YES;
				CLANG_WARN_INFINITE_RECURSION = YES;
				CLANG_WARN_INT_CONVERSION = YES;
				CLANG_WARN_NON_LITERAL_NULL_CONVERSION = YES;
				CLANG_WARN_OBJC_IMPLICIT_RETAIN_SELF = YES;
				CLANG_WARN_OBJC_LITERAL_CONVERSION = YES;
				CLANG_WARN_OBJC_ROOT_CLASS = YES_ERROR;
				CLANG_WARN_QUOTED_INCLUDE_IN_FRAMEWORK_HEADER = YES;
				CLANG_WARN_RANGE_LOOP_ANALYSIS = YES;
				CLANG_WARN_STRICT_PROTOTYPES = YES;
				CLANG_WARN_SUSPICIOUS_MOVE = YES;
				CLANG_WARN_UNGUARDED_AVAILABILITY = YES_AGGRESSIVE;
				CLANG_WARN_UNREACHABLE_CODE = YES;
				CLANG_WARN__DUPLICATE_METHOD_MATCH = YES;
				COPY_PHASE_STRIP = NO;
				DEBUG_INFORMATION_FORMAT = "dwarf-with-dsym";
				ENABLE_NS_ASSERTIONS = NO;
				ENABLE_STRICT_OBJC_MSGSEND = YES;
				GCC_C_LANGUAGE_STANDARD = gnu11;
				GCC_NO_COMMON_BLOCKS = YES;
				GCC_WARN_64_TO_32_BIT_CONVERSION = YES;
				GCC_WARN_ABOUT_RETURN_TYPE = YES_ERROR;
				GCC_WARN_UNDECLARED_SELECTOR = YES;
				GCC_WARN_UNINITIALIZED_AUTOS = YES_AGGRESSIVE;
				GCC_WARN_UNUSED_FUNCTION = YES;
				GCC_WARN_UNUSED_VARIABLE = YES;
				IPHONEOS_DEPLOYMENT_TARGET = 16.0;
				MTL_ENABLE_DEBUG_INFO = NO;
				MTL_FAST_MATH = YES;
				SDKROOT = iphoneos;
				SWIFT_COMPILATION_MODE = wholemodule;
				SWIFT_OPTIMIZATION_LEVEL = "-O";
				VALIDATE_PRODUCT = YES;
			};
			name = Release;
		};
		D487C3E328D32F6A00615A75 /* Debug */ = {
			isa = XCBuildConfiguration;
			buildSettings = {
				ALWAYS_EMBED_SWIFT_STANDARD_LIBRARIES = YES;
				ASSETCATALOG_COMPILER_APPICON_NAME = AppIcon;
				ASSETCATALOG_COMPILER_GLOBAL_ACCENT_COLOR_NAME = AccentColor;
				CODE_SIGN_ENTITLEMENTS = WhiteSpace/WhiteSpace.entitlements;
				CODE_SIGN_STYLE = Automatic;
				CURRENT_PROJECT_VERSION = 1;
				DEVELOPMENT_ASSET_PATHS = "\"WhiteSpace/Preview Content\"";
				DEVELOPMENT_TEAM = GG62JAD8S2;
				ENABLE_PREVIEWS = YES;
				GENERATE_INFOPLIST_FILE = YES;
				INFOPLIST_KEY_CFBundleDisplayName = WhiteSpace;
				INFOPLIST_KEY_UIApplicationSceneManifest_Generation = YES;
				INFOPLIST_KEY_UIApplicationSupportsIndirectInputEvents = YES;
				INFOPLIST_KEY_UILaunchScreen_Generation = YES;
				INFOPLIST_KEY_UISupportedInterfaceOrientations = UIInterfaceOrientationPortrait;
				INFOPLIST_KEY_UISupportedInterfaceOrientations_iPad = "UIInterfaceOrientationLandscapeLeft UIInterfaceOrientationLandscapeRight UIInterfaceOrientationPortrait UIInterfaceOrientationPortraitUpsideDown";
				LD_RUNPATH_SEARCH_PATHS = (
					"$(inherited)",
					"@executable_path/Frameworks",
				);
				MARKETING_VERSION = 1.0;
				PRODUCT_BUNDLE_IDENTIFIER = tongjiew.whitespace;
				PRODUCT_NAME = "$(TARGET_NAME)";
				SUPPORTED_PLATFORMS = "iphoneos iphonesimulator";
				SUPPORTS_MACCATALYST = NO;
				SUPPORTS_MAC_DESIGNED_FOR_IPHONE_IPAD = NO;
				SWIFT_EMIT_LOC_STRINGS = YES;
				SWIFT_VERSION = 5.0;
				TARGETED_DEVICE_FAMILY = 1;
			};
			name = Debug;
		};
		D487C3E428D32F6A00615A75 /* Release */ = {
			isa = XCBuildConfiguration;
			buildSettings = {
				ALWAYS_EMBED_SWIFT_STANDARD_LIBRARIES = YES;
				ASSETCATALOG_COMPILER_APPICON_NAME = AppIcon;
				ASSETCATALOG_COMPILER_GLOBAL_ACCENT_COLOR_NAME = AccentColor;
				CODE_SIGN_ENTITLEMENTS = WhiteSpace/WhiteSpace.entitlements;
				CODE_SIGN_STYLE = Automatic;
				CURRENT_PROJECT_VERSION = 1;
				DEVELOPMENT_ASSET_PATHS = "\"WhiteSpace/Preview Content\"";
				DEVELOPMENT_TEAM = GG62JAD8S2;
				ENABLE_PREVIEWS = YES;
				GENERATE_INFOPLIST_FILE = YES;
				INFOPLIST_KEY_CFBundleDisplayName = WhiteSpace;
				INFOPLIST_KEY_UIApplicationSceneManifest_Generation = YES;
				INFOPLIST_KEY_UIApplicationSupportsIndirectInputEvents = YES;
				INFOPLIST_KEY_UILaunchScreen_Generation = YES;
				INFOPLIST_KEY_UISupportedInterfaceOrientations = UIInterfaceOrientationPortrait;
				INFOPLIST_KEY_UISupportedInterfaceOrientations_iPad = "UIInterfaceOrientationLandscapeLeft UIInterfaceOrientationLandscapeRight UIInterfaceOrientationPortrait UIInterfaceOrientationPortraitUpsideDown";
				LD_RUNPATH_SEARCH_PATHS = (
					"$(inherited)",
					"@executable_path/Frameworks",
				);
				MARKETING_VERSION = 1.0;
				PRODUCT_BUNDLE_IDENTIFIER = tongjiew.whitespace;
				PRODUCT_NAME = "$(TARGET_NAME)";
				SUPPORTED_PLATFORMS = "iphoneos iphonesimulator";
				SUPPORTS_MACCATALYST = NO;
				SUPPORTS_MAC_DESIGNED_FOR_IPHONE_IPAD = NO;
				SWIFT_EMIT_LOC_STRINGS = YES;
				SWIFT_VERSION = 5.0;
				TARGETED_DEVICE_FAMILY = 1;
			};
			name = Release;
		};
		D4EDF6ED28D828BA00B66245 /* Debug */ = {
			isa = XCBuildConfiguration;
			buildSettings = {
				CODE_SIGN_ENTITLEMENTS = Keyboard/Keyboard.entitlements;
				CODE_SIGN_STYLE = Automatic;
				CURRENT_PROJECT_VERSION = 1;
				DEVELOPMENT_TEAM = GG62JAD8S2;
				GENERATE_INFOPLIST_FILE = YES;
				INFOPLIST_FILE = Keyboard/Info.plist;
				INFOPLIST_KEY_CFBundleDisplayName = Keyboard;
				INFOPLIST_KEY_NSHumanReadableCopyright = "";
				LD_RUNPATH_SEARCH_PATHS = (
					"$(inherited)",
					"@executable_path/Frameworks",
					"@executable_path/../../Frameworks",
				);
				MARKETING_VERSION = 1.0;
				PRODUCT_BUNDLE_IDENTIFIER = tongjiew.whitespace.keyboard;
				PRODUCT_NAME = "$(TARGET_NAME)";
				SKIP_INSTALL = YES;
				SWIFT_EMIT_LOC_STRINGS = YES;
				SWIFT_VERSION = 5.0;
				TARGETED_DEVICE_FAMILY = 1;
			};
			name = Debug;
		};
		D4EDF6EE28D828BA00B66245 /* Release */ = {
			isa = XCBuildConfiguration;
			buildSettings = {
				CODE_SIGN_ENTITLEMENTS = Keyboard/Keyboard.entitlements;
				CODE_SIGN_STYLE = Automatic;
				CURRENT_PROJECT_VERSION = 1;
				DEVELOPMENT_TEAM = GG62JAD8S2;
				GENERATE_INFOPLIST_FILE = YES;
				INFOPLIST_FILE = Keyboard/Info.plist;
				INFOPLIST_KEY_CFBundleDisplayName = Keyboard;
				INFOPLIST_KEY_NSHumanReadableCopyright = "";
				LD_RUNPATH_SEARCH_PATHS = (
					"$(inherited)",
					"@executable_path/Frameworks",
					"@executable_path/../../Frameworks",
				);
				MARKETING_VERSION = 1.0;
				PRODUCT_BUNDLE_IDENTIFIER = tongjiew.whitespace.keyboard;
				PRODUCT_NAME = "$(TARGET_NAME)";
				SKIP_INSTALL = YES;
				SWIFT_EMIT_LOC_STRINGS = YES;
				SWIFT_VERSION = 5.0;
				TARGETED_DEVICE_FAMILY = 1;
			};
			name = Release;
		};
/* End XCBuildConfiguration section */

/* Begin XCConfigurationList section */
		D4731F122A416910001FE988 /* Build configuration list for PBXNativeTarget "WhiteSpaceTests" */ = {
			isa = XCConfigurationList;
			buildConfigurations = (
				D4731F102A416910001FE988 /* Debug */,
				D4731F112A416910001FE988 /* Release */,
			);
			defaultConfigurationIsVisible = 0;
			defaultConfigurationName = Release;
		};
		D4731F1F2A4175F8001FE988 /* Build configuration list for PBXNativeTarget "WhiteSpaceUITests" */ = {
			isa = XCConfigurationList;
			buildConfigurations = (
				D4731F202A4175F8001FE988 /* Debug */,
				D4731F212A4175F8001FE988 /* Release */,
			);
			defaultConfigurationIsVisible = 0;
			defaultConfigurationName = Release;
		};
		D487C3CF28D32F6A00615A75 /* Build configuration list for PBXProject "WhiteSpace" */ = {
			isa = XCConfigurationList;
			buildConfigurations = (
				D487C3E028D32F6A00615A75 /* Debug */,
				D487C3E128D32F6A00615A75 /* Release */,
			);
			defaultConfigurationIsVisible = 0;
			defaultConfigurationName = Release;
		};
		D487C3E228D32F6A00615A75 /* Build configuration list for PBXNativeTarget "WhiteSpace" */ = {
			isa = XCConfigurationList;
			buildConfigurations = (
				D487C3E328D32F6A00615A75 /* Debug */,
				D487C3E428D32F6A00615A75 /* Release */,
			);
			defaultConfigurationIsVisible = 0;
			defaultConfigurationName = Release;
		};
		D4EDF6EF28D828BA00B66245 /* Build configuration list for PBXNativeTarget "Keyboard" */ = {
			isa = XCConfigurationList;
			buildConfigurations = (
				D4EDF6ED28D828BA00B66245 /* Debug */,
				D4EDF6EE28D828BA00B66245 /* Release */,
			);
			defaultConfigurationIsVisible = 0;
			defaultConfigurationName = Release;
		};
/* End XCConfigurationList section */
	};
	rootObject = D487C3CC28D32F6A00615A75 /* Project object */;
}
